
Microsoft Visual Studio Solution File, Format Version 12.00
# Visual Studio Version 16
VisualStudioVersion = 16.0.30114.105
MinimumVisualStudioVersion = 10.0.40219.1
Project("{2150E333-8FDC-42A3-9474-1A3956D46DE8}") = "app", "app", "{DC645BE1-AAD7-49BC-A6ED-007E949878EF}"
EndProject
Project("{2150E333-8FDC-42A3-9474-1A3956D46DE8}") = "src", "src", "{2D6692F7-FF9B-472E-953B-5633A190A41C}"
EndProject
Project("{2150E333-8FDC-42A3-9474-1A3956D46DE8}") = "Services", "Services", "{E87DF2B0-7734-4E63-A3FB-EC6D92209F9F}"
EndProject
Project("{2150E333-8FDC-42A3-9474-1A3956D46DE8}") = "Users", "Users", "{BF0BBBBC-75C8-423B-BB92-65B87AD28ECF}"
EndProject
Project("{2150E333-8FDC-42A3-9474-1A3956D46DE8}") = "Report", "Report", "{0A9401E7-632B-496B-974B-34AE5EBF1C79}"
EndProject
Project("{2150E333-8FDC-42A3-9474-1A3956D46DE8}") = "Test", "Test", "{C85F6D45-58A3-4604-9496-3ABDEBE4709A}"
EndProject
Project("{2150E333-8FDC-42A3-9474-1A3956D46DE8}") = "Test", "Test", "{DC0BE89E-CC09-4146-83C7-D0971953F500}"
EndProject
Project("{9A19103F-16F7-4668-BE54-9A1E7A4F7556}") = "Flexion.User.Application", "FlexionUnitConvertor\app\src\Services\User\Flexion.User.Application\Flexion.User.Application.csproj", "{B80D88CD-ECAB-40EF-BD54-40814CB69597}"
EndProject
Project("{9A19103F-16F7-4668-BE54-9A1E7A4F7556}") = "Flexion.User.Domain", "FlexionUnitConvertor\app\src\Services\User\Fexion.User.Domain\Flexion.User.Domain.csproj", "{209A1836-E538-496F-976E-C49357D8F367}"
EndProject
Project("{9A19103F-16F7-4668-BE54-9A1E7A4F7556}") = "Flexion.User.Infrastructure", "FlexionUnitConvertor\app\src\Services\User\Flexion.User.Infrastructure\Flexion.User.Infrastructure.csproj", "{BC4CE004-3CFC-4E93-9258-FBA58C6811F2}"
EndProject
Project("{9A19103F-16F7-4668-BE54-9A1E7A4F7556}") = "Flexion.Report.API", "FlexionUnitConvertor\app\src\Services\Report\Flexion.Report.API\Flexion.Report.API.csproj", "{B6151B24-CD4A-4211-97B1-7575B62E984A}"
EndProject
Project("{9A19103F-16F7-4668-BE54-9A1E7A4F7556}") = "Flexion.Report.Domain", "FlexionUnitConvertor\app\src\Services\Report\Flexion.Report.Domain\Flexion.Report.Domain.csproj", "{2B30FB23-527F-47F0-BBB5-AE1387F372CA}"
EndProject
Project("{9A19103F-16F7-4668-BE54-9A1E7A4F7556}") = "Flexion.Report.Infrastructure", "FlexionUnitConvertor\app\src\Services\Report\Flexion.Report.Infrastructure\Flexion.Report.Infrastructure.csproj", "{6259E98B-EFBC-434C-80C3-9C699221AFA6}"
EndProject
Project("{9A19103F-16F7-4668-BE54-9A1E7A4F7556}") = "Flexion.Report.Application", "FlexionUnitConvertor\app\src\Services\Report\Flexion.Report.Application\Flexion.Report.Application.csproj", "{0E1C2253-5E52-4058-A72A-6994D7883462}"
EndProject
Project("{2150E333-8FDC-42A3-9474-1A3956D46DE8}") = "Test", "Test", "{B74E5E65-C9F2-4A26-943F-B66BBCF59C1F}"
EndProject
Project("{9A19103F-16F7-4668-BE54-9A1E7A4F7556}") = "Flexion.Test.API", "FlexionUnitConvertor\app\src\Services\Test\Flexion.Test.API\Flexion.Test.API.csproj", "{3FA1335C-BEDA-45D1-B6DC-A0ECEDD3D17D}"
EndProject
Project("{9A19103F-16F7-4668-BE54-9A1E7A4F7556}") = "Flexion.Test.Domain", "FlexionUnitConvertor\app\src\Services\Test\Flexion.Test.Domain\Flexion.Test.Domain.csproj", "{EABDAAA4-C30A-4868-B70D-0B10C1C1BD0D}"
EndProject
Project("{9A19103F-16F7-4668-BE54-9A1E7A4F7556}") = "Flexion.Test.Infrastructure", "FlexionUnitConvertor\app\src\Services\Test\Flexion.Test.Infrastructure\Flexion.Test.Infrastructure.csproj", "{E33DADAB-B674-4C9E-AA78-DA58DB6E6F50}"
EndProject
Project("{9A19103F-16F7-4668-BE54-9A1E7A4F7556}") = "Flexion.Test.Application", "FlexionUnitConvertor\app\src\Services\Test\Flexion.Test.Application\Flexion.Test.Application.csproj", "{ED2A608E-E761-4923-B740-DD17E8B1A946}"
EndProject
Project("{9A19103F-16F7-4668-BE54-9A1E7A4F7556}") = "Flexion.User.API", "FlexionUnitConvertor\app\src\Services\User\Flexion.User.API\Flexion.User.API.csproj", "{0C2F8B08-40CB-4EE2-95FD-CF1985561DB8}"
EndProject
Project("{9A19103F-16F7-4668-BE54-9A1E7A4F7556}") = "Flexion.Report.API.Models", "FlexionUnitConvertor\app\src\Services\Report\Flexion.Report.API.Models\Flexion.Report.API.Models.csproj", "{57C41829-9CAD-4A11-A817-34DC335452A5}"
EndProject
Project("{9A19103F-16F7-4668-BE54-9A1E7A4F7556}") = "Flexion.User.API.Models", "FlexionUnitConvertor\app\src\Services\User\Flexion.User.API.Models\Flexion.User.API.Models.csproj", "{79B8838F-0A68-4A5C-B2F5-524F50A61720}"
EndProject
Project("{9A19103F-16F7-4668-BE54-9A1E7A4F7556}") = "Flexion.Test.API.Models", "FlexionUnitConvertor\app\src\Services\Test\Flexion.Test.API.Models\Flexion.Test.API.Models.csproj", "{B561C337-5754-4533-8F70-B9405A781275}"
EndProject
Project("{2150E333-8FDC-42A3-9474-1A3956D46DE8}") = "Shared", "Shared", "{0B7C0687-8B22-4433-B356-993A9767BFCC}"
EndProject
Project("{2150E333-8FDC-42A3-9474-1A3956D46DE8}") = "DomainModels", "DomainModels", "{66D8C6B5-59B9-4898-972C-C27C1CA5EF21}"
	ProjectSection(SolutionItems) = preProject
		Log.cs = Log.cs
	EndProjectSection
EndProject
Project("{2150E333-8FDC-42A3-9474-1A3956D46DE8}") = "Services", "Services", "{7A7BEAD5-D747-4BDD-85E6-1EF9BCD2CC20}"
EndProject
Project("{FAE04EC0-301F-11D3-BF4B-00C04F79EFBC}") = "UnitTestProject1", "UnitTestProject1\UnitTestProject1.csproj", "{309D415E-86E2-4985-8296-1644FE477D72}"
EndProject
Project("{2150E333-8FDC-42A3-9474-1A3956D46DE8}") = "Test", "Test", "{B9B27C17-721E-4326-8166-F18C7AEFF319}"
EndProject
Project("{9A19103F-16F7-4668-BE54-9A1E7A4F7556}") = "ExamUnitTest", "FlexionUnitConvertor\app\src\Services\Test\Test\ExamUnitTest\ExamUnitTest.csproj", "{F40B4E86-37D3-4907-B827-B8BBEBEE7196}"
EndProject
Project("{9A19103F-16F7-4668-BE54-9A1E7A4F7556}") = "Flexion.Test.Domain.Mock", "FlexionUnitConvertor\app\src\Services\Test\Test\Flexion.Test.Domain.Mock\Flexion.Test.Domain.Mock.csproj", "{2F591736-D184-4706-B94E-D76311DB661C}"
EndProject
Project("{9A19103F-16F7-4668-BE54-9A1E7A4F7556}") = "Flexion.Test.Infrastructure.Mock", "FlexionUnitConvertor\app\src\Services\Test\Test\Flexion.Test.Infrastructure.Mock\Flexion.Test.Infrastructure.Mock.csproj", "{B2E483CA-5BE2-4626-B3E5-D87583E2BD66}"
EndProject
Project("{2150E333-8FDC-42A3-9474-1A3956D46DE8}") = "Gateway", "Gateway", "{F7037E8D-877E-428A-8613-99F525EF8413}"
EndProject
Project("{FAE04EC0-301F-11D3-BF4B-00C04F79EFBC}") = "Flexion.Gateway.API", "FlexionUnitConvertor\app\src\Services\Gateway\Flexion.Gateway.API\Flexion.Gateway.API.csproj", "{9E86EBCD-E2AF-4C70-A7E2-D9601B985FA0}"
EndProject
Project("{FAE04EC0-301F-11D3-BF4B-00C04F79EFBC}") = "Flexion.Gateway.Core", "FlexionUnitConvertor\app\src\Services\Gateway\Flexion.Gateway.Core\Flexion.Gateway.Core.csproj", "{954A70EA-2490-4F65-96BD-FF9ACDD16690}"
EndProject
Project("{FAE04EC0-301F-11D3-BF4B-00C04F79EFBC}") = "Flexion.Report.Domain.Contract", "FlexionUnitConvertor\app\src\Services\Report\Flexion.Report.Domain.Contract\Flexion.Report.Domain.Contract.csproj", "{91B064D8-4864-4C32-A3DD-D709F618790F}"
EndProject
Project("{FAE04EC0-301F-11D3-BF4B-00C04F79EFBC}") = "Flexion.Report.Infrastructure.Contract", "FlexionUnitConvertor\app\src\Services\Report\Flexion.Report.Infrastructure.Contract\Flexion.Report.Infrastructure.Contract.csproj", "{5C1E6CF3-9A75-4EEA-8F04-2114E0CEB913}"
EndProject
Global
	GlobalSection(SolutionConfigurationPlatforms) = preSolution
		Debug|Any CPU = Debug|Any CPU
		Release|Any CPU = Release|Any CPU
	EndGlobalSection
	GlobalSection(ProjectConfigurationPlatforms) = postSolution
		{B80D88CD-ECAB-40EF-BD54-40814CB69597}.Debug|Any CPU.ActiveCfg = Debug|Any CPU
		{B80D88CD-ECAB-40EF-BD54-40814CB69597}.Debug|Any CPU.Build.0 = Debug|Any CPU
		{B80D88CD-ECAB-40EF-BD54-40814CB69597}.Release|Any CPU.ActiveCfg = Release|Any CPU
		{B80D88CD-ECAB-40EF-BD54-40814CB69597}.Release|Any CPU.Build.0 = Release|Any CPU
		{209A1836-E538-496F-976E-C49357D8F367}.Debug|Any CPU.ActiveCfg = Debug|Any CPU
		{209A1836-E538-496F-976E-C49357D8F367}.Debug|Any CPU.Build.0 = Debug|Any CPU
		{209A1836-E538-496F-976E-C49357D8F367}.Release|Any CPU.ActiveCfg = Release|Any CPU
		{209A1836-E538-496F-976E-C49357D8F367}.Release|Any CPU.Build.0 = Release|Any CPU
		{BC4CE004-3CFC-4E93-9258-FBA58C6811F2}.Debug|Any CPU.ActiveCfg = Debug|Any CPU
		{BC4CE004-3CFC-4E93-9258-FBA58C6811F2}.Debug|Any CPU.Build.0 = Debug|Any CPU
		{BC4CE004-3CFC-4E93-9258-FBA58C6811F2}.Release|Any CPU.ActiveCfg = Release|Any CPU
		{BC4CE004-3CFC-4E93-9258-FBA58C6811F2}.Release|Any CPU.Build.0 = Release|Any CPU
		{B6151B24-CD4A-4211-97B1-7575B62E984A}.Debug|Any CPU.ActiveCfg = Debug|Any CPU
		{B6151B24-CD4A-4211-97B1-7575B62E984A}.Debug|Any CPU.Build.0 = Debug|Any CPU
		{B6151B24-CD4A-4211-97B1-7575B62E984A}.Release|Any CPU.ActiveCfg = Release|Any CPU
		{B6151B24-CD4A-4211-97B1-7575B62E984A}.Release|Any CPU.Build.0 = Release|Any CPU
		{2B30FB23-527F-47F0-BBB5-AE1387F372CA}.Debug|Any CPU.ActiveCfg = Debug|Any CPU
		{2B30FB23-527F-47F0-BBB5-AE1387F372CA}.Debug|Any CPU.Build.0 = Debug|Any CPU
		{2B30FB23-527F-47F0-BBB5-AE1387F372CA}.Release|Any CPU.ActiveCfg = Release|Any CPU
		{2B30FB23-527F-47F0-BBB5-AE1387F372CA}.Release|Any CPU.Build.0 = Release|Any CPU
		{6259E98B-EFBC-434C-80C3-9C699221AFA6}.Debug|Any CPU.ActiveCfg = Debug|Any CPU
		{6259E98B-EFBC-434C-80C3-9C699221AFA6}.Debug|Any CPU.Build.0 = Debug|Any CPU
		{6259E98B-EFBC-434C-80C3-9C699221AFA6}.Release|Any CPU.ActiveCfg = Release|Any CPU
		{6259E98B-EFBC-434C-80C3-9C699221AFA6}.Release|Any CPU.Build.0 = Release|Any CPU
		{0E1C2253-5E52-4058-A72A-6994D7883462}.Debug|Any CPU.ActiveCfg = Debug|Any CPU
		{0E1C2253-5E52-4058-A72A-6994D7883462}.Debug|Any CPU.Build.0 = Debug|Any CPU
		{0E1C2253-5E52-4058-A72A-6994D7883462}.Release|Any CPU.ActiveCfg = Release|Any CPU
		{0E1C2253-5E52-4058-A72A-6994D7883462}.Release|Any CPU.Build.0 = Release|Any CPU
		{3FA1335C-BEDA-45D1-B6DC-A0ECEDD3D17D}.Debug|Any CPU.ActiveCfg = Debug|Any CPU
		{3FA1335C-BEDA-45D1-B6DC-A0ECEDD3D17D}.Debug|Any CPU.Build.0 = Debug|Any CPU
		{3FA1335C-BEDA-45D1-B6DC-A0ECEDD3D17D}.Release|Any CPU.ActiveCfg = Release|Any CPU
		{3FA1335C-BEDA-45D1-B6DC-A0ECEDD3D17D}.Release|Any CPU.Build.0 = Release|Any CPU
		{EABDAAA4-C30A-4868-B70D-0B10C1C1BD0D}.Debug|Any CPU.ActiveCfg = Debug|Any CPU
		{EABDAAA4-C30A-4868-B70D-0B10C1C1BD0D}.Debug|Any CPU.Build.0 = Debug|Any CPU
		{EABDAAA4-C30A-4868-B70D-0B10C1C1BD0D}.Release|Any CPU.ActiveCfg = Release|Any CPU
		{EABDAAA4-C30A-4868-B70D-0B10C1C1BD0D}.Release|Any CPU.Build.0 = Release|Any CPU
		{E33DADAB-B674-4C9E-AA78-DA58DB6E6F50}.Debug|Any CPU.ActiveCfg = Debug|Any CPU
		{E33DADAB-B674-4C9E-AA78-DA58DB6E6F50}.Debug|Any CPU.Build.0 = Debug|Any CPU
		{E33DADAB-B674-4C9E-AA78-DA58DB6E6F50}.Release|Any CPU.ActiveCfg = Release|Any CPU
		{E33DADAB-B674-4C9E-AA78-DA58DB6E6F50}.Release|Any CPU.Build.0 = Release|Any CPU
		{ED2A608E-E761-4923-B740-DD17E8B1A946}.Debug|Any CPU.ActiveCfg = Debug|Any CPU
		{ED2A608E-E761-4923-B740-DD17E8B1A946}.Debug|Any CPU.Build.0 = Debug|Any CPU
		{ED2A608E-E761-4923-B740-DD17E8B1A946}.Release|Any CPU.ActiveCfg = Release|Any CPU
		{ED2A608E-E761-4923-B740-DD17E8B1A946}.Release|Any CPU.Build.0 = Release|Any CPU
		{0C2F8B08-40CB-4EE2-95FD-CF1985561DB8}.Debug|Any CPU.ActiveCfg = Debug|Any CPU
		{0C2F8B08-40CB-4EE2-95FD-CF1985561DB8}.Debug|Any CPU.Build.0 = Debug|Any CPU
		{0C2F8B08-40CB-4EE2-95FD-CF1985561DB8}.Release|Any CPU.ActiveCfg = Release|Any CPU
		{0C2F8B08-40CB-4EE2-95FD-CF1985561DB8}.Release|Any CPU.Build.0 = Release|Any CPU
		{57C41829-9CAD-4A11-A817-34DC335452A5}.Debug|Any CPU.ActiveCfg = Debug|Any CPU
		{57C41829-9CAD-4A11-A817-34DC335452A5}.Debug|Any CPU.Build.0 = Debug|Any CPU
		{57C41829-9CAD-4A11-A817-34DC335452A5}.Release|Any CPU.ActiveCfg = Release|Any CPU
		{57C41829-9CAD-4A11-A817-34DC335452A5}.Release|Any CPU.Build.0 = Release|Any CPU
		{79B8838F-0A68-4A5C-B2F5-524F50A61720}.Debug|Any CPU.ActiveCfg = Debug|Any CPU
		{79B8838F-0A68-4A5C-B2F5-524F50A61720}.Debug|Any CPU.Build.0 = Debug|Any CPU
		{79B8838F-0A68-4A5C-B2F5-524F50A61720}.Release|Any CPU.ActiveCfg = Release|Any CPU
		{79B8838F-0A68-4A5C-B2F5-524F50A61720}.Release|Any CPU.Build.0 = Release|Any CPU
		{B561C337-5754-4533-8F70-B9405A781275}.Debug|Any CPU.ActiveCfg = Debug|Any CPU
		{B561C337-5754-4533-8F70-B9405A781275}.Debug|Any CPU.Build.0 = Debug|Any CPU
		{B561C337-5754-4533-8F70-B9405A781275}.Release|Any CPU.ActiveCfg = Release|Any CPU
		{B561C337-5754-4533-8F70-B9405A781275}.Release|Any CPU.Build.0 = Release|Any CPU
		{309D415E-86E2-4985-8296-1644FE477D72}.Debug|Any CPU.ActiveCfg = Debug|Any CPU
		{309D415E-86E2-4985-8296-1644FE477D72}.Debug|Any CPU.Build.0 = Debug|Any CPU
		{309D415E-86E2-4985-8296-1644FE477D72}.Release|Any CPU.ActiveCfg = Release|Any CPU
		{309D415E-86E2-4985-8296-1644FE477D72}.Release|Any CPU.Build.0 = Release|Any CPU
		{F40B4E86-37D3-4907-B827-B8BBEBEE7196}.Debug|Any CPU.ActiveCfg = Debug|Any CPU
		{F40B4E86-37D3-4907-B827-B8BBEBEE7196}.Debug|Any CPU.Build.0 = Debug|Any CPU
		{F40B4E86-37D3-4907-B827-B8BBEBEE7196}.Release|Any CPU.ActiveCfg = Release|Any CPU
		{F40B4E86-37D3-4907-B827-B8BBEBEE7196}.Release|Any CPU.Build.0 = Release|Any CPU
		{2F591736-D184-4706-B94E-D76311DB661C}.Debug|Any CPU.ActiveCfg = Debug|Any CPU
		{2F591736-D184-4706-B94E-D76311DB661C}.Debug|Any CPU.Build.0 = Debug|Any CPU
		{2F591736-D184-4706-B94E-D76311DB661C}.Release|Any CPU.ActiveCfg = Release|Any CPU
		{2F591736-D184-4706-B94E-D76311DB661C}.Release|Any CPU.Build.0 = Release|Any CPU
		{B2E483CA-5BE2-4626-B3E5-D87583E2BD66}.Debug|Any CPU.ActiveCfg = Debug|Any CPU
		{B2E483CA-5BE2-4626-B3E5-D87583E2BD66}.Debug|Any CPU.Build.0 = Debug|Any CPU
		{B2E483CA-5BE2-4626-B3E5-D87583E2BD66}.Release|Any CPU.ActiveCfg = Release|Any CPU
		{B2E483CA-5BE2-4626-B3E5-D87583E2BD66}.Release|Any CPU.Build.0 = Release|Any CPU
		{9E86EBCD-E2AF-4C70-A7E2-D9601B985FA0}.Debug|Any CPU.ActiveCfg = Debug|Any CPU
		{9E86EBCD-E2AF-4C70-A7E2-D9601B985FA0}.Debug|Any CPU.Build.0 = Debug|Any CPU
		{9E86EBCD-E2AF-4C70-A7E2-D9601B985FA0}.Release|Any CPU.ActiveCfg = Release|Any CPU
		{9E86EBCD-E2AF-4C70-A7E2-D9601B985FA0}.Release|Any CPU.Build.0 = Release|Any CPU
		{954A70EA-2490-4F65-96BD-FF9ACDD16690}.Debug|Any CPU.ActiveCfg = Debug|Any CPU
		{954A70EA-2490-4F65-96BD-FF9ACDD16690}.Debug|Any CPU.Build.0 = Debug|Any CPU
		{954A70EA-2490-4F65-96BD-FF9ACDD16690}.Release|Any CPU.ActiveCfg = Release|Any CPU
		{954A70EA-2490-4F65-96BD-FF9ACDD16690}.Release|Any CPU.Build.0 = Release|Any CPU
		{91B064D8-4864-4C32-A3DD-D709F618790F}.Debug|Any CPU.ActiveCfg = Debug|Any CPU
		{91B064D8-4864-4C32-A3DD-D709F618790F}.Debug|Any CPU.Build.0 = Debug|Any CPU
		{91B064D8-4864-4C32-A3DD-D709F618790F}.Release|Any CPU.ActiveCfg = Release|Any CPU
		{91B064D8-4864-4C32-A3DD-D709F618790F}.Release|Any CPU.Build.0 = Release|Any CPU
		{5C1E6CF3-9A75-4EEA-8F04-2114E0CEB913}.Debug|Any CPU.ActiveCfg = Debug|Any CPU
		{5C1E6CF3-9A75-4EEA-8F04-2114E0CEB913}.Debug|Any CPU.Build.0 = Debug|Any CPU
		{5C1E6CF3-9A75-4EEA-8F04-2114E0CEB913}.Release|Any CPU.ActiveCfg = Release|Any CPU
		{5C1E6CF3-9A75-4EEA-8F04-2114E0CEB913}.Release|Any CPU.Build.0 = Release|Any CPU
	EndGlobalSection
	GlobalSection(SolutionProperties) = preSolution
		HideSolutionNode = FALSE
	EndGlobalSection
	GlobalSection(NestedProjects) = preSolution
		{2D6692F7-FF9B-472E-953B-5633A190A41C} = {DC645BE1-AAD7-49BC-A6ED-007E949878EF}
		{E87DF2B0-7734-4E63-A3FB-EC6D92209F9F} = {2D6692F7-FF9B-472E-953B-5633A190A41C}
		{BF0BBBBC-75C8-423B-BB92-65B87AD28ECF} = {E87DF2B0-7734-4E63-A3FB-EC6D92209F9F}
		{0A9401E7-632B-496B-974B-34AE5EBF1C79} = {E87DF2B0-7734-4E63-A3FB-EC6D92209F9F}
		{C85F6D45-58A3-4604-9496-3ABDEBE4709A} = {0A9401E7-632B-496B-974B-34AE5EBF1C79}
		{DC0BE89E-CC09-4146-83C7-D0971953F500} = {BF0BBBBC-75C8-423B-BB92-65B87AD28ECF}
		{B80D88CD-ECAB-40EF-BD54-40814CB69597} = {BF0BBBBC-75C8-423B-BB92-65B87AD28ECF}
		{209A1836-E538-496F-976E-C49357D8F367} = {BF0BBBBC-75C8-423B-BB92-65B87AD28ECF}
		{BC4CE004-3CFC-4E93-9258-FBA58C6811F2} = {BF0BBBBC-75C8-423B-BB92-65B87AD28ECF}
		{B6151B24-CD4A-4211-97B1-7575B62E984A} = {0A9401E7-632B-496B-974B-34AE5EBF1C79}
		{2B30FB23-527F-47F0-BBB5-AE1387F372CA} = {0A9401E7-632B-496B-974B-34AE5EBF1C79}
		{6259E98B-EFBC-434C-80C3-9C699221AFA6} = {0A9401E7-632B-496B-974B-34AE5EBF1C79}
		{0E1C2253-5E52-4058-A72A-6994D7883462} = {0A9401E7-632B-496B-974B-34AE5EBF1C79}
		{B74E5E65-C9F2-4A26-943F-B66BBCF59C1F} = {E87DF2B0-7734-4E63-A3FB-EC6D92209F9F}
		{3FA1335C-BEDA-45D1-B6DC-A0ECEDD3D17D} = {B74E5E65-C9F2-4A26-943F-B66BBCF59C1F}
		{EABDAAA4-C30A-4868-B70D-0B10C1C1BD0D} = {B74E5E65-C9F2-4A26-943F-B66BBCF59C1F}
		{E33DADAB-B674-4C9E-AA78-DA58DB6E6F50} = {B74E5E65-C9F2-4A26-943F-B66BBCF59C1F}
		{ED2A608E-E761-4923-B740-DD17E8B1A946} = {B74E5E65-C9F2-4A26-943F-B66BBCF59C1F}
		{0C2F8B08-40CB-4EE2-95FD-CF1985561DB8} = {BF0BBBBC-75C8-423B-BB92-65B87AD28ECF}
		{57C41829-9CAD-4A11-A817-34DC335452A5} = {0A9401E7-632B-496B-974B-34AE5EBF1C79}
		{79B8838F-0A68-4A5C-B2F5-524F50A61720} = {BF0BBBBC-75C8-423B-BB92-65B87AD28ECF}
		{B561C337-5754-4533-8F70-B9405A781275} = {B74E5E65-C9F2-4A26-943F-B66BBCF59C1F}
		{0B7C0687-8B22-4433-B356-993A9767BFCC} = {E87DF2B0-7734-4E63-A3FB-EC6D92209F9F}
		{66D8C6B5-59B9-4898-972C-C27C1CA5EF21} = {0B7C0687-8B22-4433-B356-993A9767BFCC}
		{7A7BEAD5-D747-4BDD-85E6-1EF9BCD2CC20} = {0B7C0687-8B22-4433-B356-993A9767BFCC}
		{309D415E-86E2-4985-8296-1644FE477D72} = {DC0BE89E-CC09-4146-83C7-D0971953F500}
		{B9B27C17-721E-4326-8166-F18C7AEFF319} = {B74E5E65-C9F2-4A26-943F-B66BBCF59C1F}
		{F40B4E86-37D3-4907-B827-B8BBEBEE7196} = {B9B27C17-721E-4326-8166-F18C7AEFF319}
		{2F591736-D184-4706-B94E-D76311DB661C} = {B9B27C17-721E-4326-8166-F18C7AEFF319}
		{B2E483CA-5BE2-4626-B3E5-D87583E2BD66} = {B9B27C17-721E-4326-8166-F18C7AEFF319}
		{F7037E8D-877E-428A-8613-99F525EF8413} = {E87DF2B0-7734-4E63-A3FB-EC6D92209F9F}
		{9E86EBCD-E2AF-4C70-A7E2-D9601B985FA0} = {F7037E8D-877E-428A-8613-99F525EF8413}
		{954A70EA-2490-4F65-96BD-FF9ACDD16690} = {F7037E8D-877E-428A-8613-99F525EF8413}
		{91B064D8-4864-4C32-A3DD-D709F618790F} = {0A9401E7-632B-496B-974B-34AE5EBF1C79}
		{5C1E6CF3-9A75-4EEA-8F04-2114E0CEB913} = {0A9401E7-632B-496B-974B-34AE5EBF1C79}
	EndGlobalSection
	GlobalSection(ExtensibilityGlobals) = postSolution
		SolutionGuid = {8C76250F-FAE9-42A8-A96C-325A9A88DD9B}
	EndGlobalSection
EndGlobal
